
Microsoft Visual Studio Solution File, Format Version 12.00
# Visual Studio Version 17
VisualStudioVersion = 17.10.34916.146
MinimumVisualStudioVersion = 10.0.40219.1
Project("{9A19103F-16F7-4668-BE54-9A1E7A4F7556}") = "AmazonS3-ImageUploader", "Amazon-Demo\AmazonS3-ImageUploader.csproj", "{58120B1C-11B6-4787-9227-C3BA2EBA6057}"
EndProject
Global
	GlobalSection(SolutionConfigurationPlatforms) = preSolution
		Debug|Any CPU = Debug|Any CPU
		Release|Any CPU = Release|Any CPU
	EndGlobalSection
	GlobalSection(ProjectConfigurationPlatforms) = postSolution
		{58120B1C-11B6-4787-9227-C3BA2EBA6057}.Debug|Any CPU.ActiveCfg = Debug|Any CPU
		{58120B1C-11B6-4787-9227-C3BA2EBA6057}.Debug|Any CPU.Build.0 = Debug|Any CPU
		{58120B1C-11B6-4787-9227-C3BA2EBA6057}.Release|Any CPU.ActiveCfg = Release|Any CPU
		{58120B1C-11B6-4787-9227-C3BA2EBA6057}.Release|Any CPU.Build.0 = Release|Any CPU
	EndGlobalSection
	GlobalSection(SolutionProperties) = preSolution
		HideSolutionNode = FALSE
	EndGlobalSection
	GlobalSection(ExtensibilityGlobals) = postSolution
		SolutionGuid = {BA71A602-92F4-40D8-A865-D359643E829E}
	EndGlobalSection
EndGlobal
